Microsoft Visual Studio Solution File, Format Version 11.00
# Visual Studio 2008

Project("{ABA1836F-7655-CE52-4C45-DA9D790BC634}") = "SmartCondo", "Assembly-CSharp-firstpass.csproj", "{3F96CE0A-D4B5-1076-F206-77662FFD1FB3}"
EndProject
Project("{ABA1836F-7655-CE52-4C45-DA9D790BC634}") = "SmartCondo", "Assembly-CSharp.csproj", "{793025F9-3BA6-05F3-4AB4-0DD2AAA508EC}"
EndProject
Project("{ABA1836F-7655-CE52-4C45-DA9D790BC634}") = "SmartCondo", "Assembly-CSharp-Editor.csproj", "{DA7BC7E5-F340-D986-FCD2-29AEFC9FBADF}"
EndProject
Global
	GlobalSection(SolutionConfigurationPlatforms) = preSolution
		Debug|Any CPU = Debug|Any CPU
		Release|Any CPU = Release|Any CPU
	EndGlobalSection
	GlobalSection(ProjectConfigurationPlatforms) = postSolution
		{3F96CE0A-D4B5-1076-F206-77662FFD1FB3}.Debug|Any CPU.ActiveCfg = Debug|Any CPU
		{3F96CE0A-D4B5-1076-F206-77662FFD1FB3}.Debug|Any CPU.Build.0 = Debug|Any CPU
		{3F96CE0A-D4B5-1076-F206-77662FFD1FB3}.Release|Any CPU.ActiveCfg = Release|Any CPU
		{3F96CE0A-D4B5-1076-F206-77662FFD1FB3}.Release|Any CPU.Build.0 = Release|Any CPU
		{793025F9-3BA6-05F3-4AB4-0DD2AAA508EC}.Debug|Any CPU.ActiveCfg = Debug|Any CPU
		{793025F9-3BA6-05F3-4AB4-0DD2AAA508EC}.Debug|Any CPU.Build.0 = Debug|Any CPU
		{793025F9-3BA6-05F3-4AB4-0DD2AAA508EC}.Release|Any CPU.ActiveCfg = Release|Any CPU
		{793025F9-3BA6-05F3-4AB4-0DD2AAA508EC}.Release|Any CPU.Build.0 = Release|Any CPU
		{DA7BC7E5-F340-D986-FCD2-29AEFC9FBADF}.Debug|Any CPU.ActiveCfg = Debug|Any CPU
		{DA7BC7E5-F340-D986-FCD2-29AEFC9FBADF}.Debug|Any CPU.Build.0 = Debug|Any CPU
		{DA7BC7E5-F340-D986-FCD2-29AEFC9FBADF}.Release|Any CPU.ActiveCfg = Release|Any CPU
		{DA7BC7E5-F340-D986-FCD2-29AEFC9FBADF}.Release|Any CPU.Build.0 = Release|Any CPU
	EndGlobalSection
	GlobalSection(SolutionProperties) = preSolution
		HideSolutionNode = FALSE
	EndGlobalSection
																																																																																																																																																GlobalSection(MonoDevelopProperties) = preSolution
		StartupItem = Assembly-CSharp.csproj
		Policies = $0
		$0.TextStylePolicy = $1
		$1.inheritsSet = null
		$1.scope = text/x-csharp
		$0.CSharpFormattingPolicy = $2
		$2.inheritsSet = Mono
		$2.inheritsScope = text/x-csharp
		$2.scope = text/x-csharp
		$0.TextStylePolicy = $3
		$3.FileWidth = 120
		$3.TabWidth = 4
		$3.IndentWidth = 4
		$3.EolMarker = Unix
		$3.inheritsSet = Mono
		$3.inheritsScope = text/plain
		$3.scope = text/plain
	EndGlobalSection

EndGlobal
