
Microsoft Visual Studio Solution File, Format Version 12.00
# Visual Studio 2015
Project("{FAE04EC0-301F-11D3-BF4B-00C04F79EFBC}") = "SmartCondoVR.CSharp.Plugins", "SmartCondoVR.CSharp.Plugins.csproj", "{4A06E01A-81EF-AE91-159B-9FB27E86C4BE}"
EndProject
Project("{FAE04EC0-301F-11D3-BF4B-00C04F79EFBC}") = "SmartCondoVR.CSharp", "SmartCondoVR.CSharp.csproj", "{9DA708A3-461C-7EB0-85AC-788F17484031}"
EndProject
Project("{FAE04EC0-301F-11D3-BF4B-00C04F79EFBC}") = "SmartCondoVR.CSharp.Editor", "SmartCondoVR.CSharp.Editor.csproj", "{4473775B-D18F-5928-9570-1201A9A7C6DB}"
EndProject
Global
	GlobalSection(SolutionConfigurationPlatforms) = preSolution
		Debug|Any CPU = Debug|Any CPU
		Release|Any CPU = Release|Any CPU
	EndGlobalSection
	GlobalSection(ProjectConfigurationPlatforms) = postSolution
		{4A06E01A-81EF-AE91-159B-9FB27E86C4BE}.Debug|Any CPU.ActiveCfg = Debug|Any CPU
		{4A06E01A-81EF-AE91-159B-9FB27E86C4BE}.Debug|Any CPU.Build.0 = Debug|Any CPU
		{4A06E01A-81EF-AE91-159B-9FB27E86C4BE}.Release|Any CPU.ActiveCfg = Release|Any CPU
		{4A06E01A-81EF-AE91-159B-9FB27E86C4BE}.Release|Any CPU.Build.0 = Release|Any CPU
		{9DA708A3-461C-7EB0-85AC-788F17484031}.Debug|Any CPU.ActiveCfg = Debug|Any CPU
		{9DA708A3-461C-7EB0-85AC-788F17484031}.Debug|Any CPU.Build.0 = Debug|Any CPU
		{9DA708A3-461C-7EB0-85AC-788F17484031}.Release|Any CPU.ActiveCfg = Release|Any CPU
		{9DA708A3-461C-7EB0-85AC-788F17484031}.Release|Any CPU.Build.0 = Release|Any CPU
		{4473775B-D18F-5928-9570-1201A9A7C6DB}.Debug|Any CPU.ActiveCfg = Debug|Any CPU
		{4473775B-D18F-5928-9570-1201A9A7C6DB}.Debug|Any CPU.Build.0 = Debug|Any CPU
		{4473775B-D18F-5928-9570-1201A9A7C6DB}.Release|Any CPU.ActiveCfg = Release|Any CPU
		{4473775B-D18F-5928-9570-1201A9A7C6DB}.Release|Any CPU.Build.0 = Release|Any CPU
	EndGlobalSection
	GlobalSection(SolutionProperties) = preSolution
		HideSolutionNode = FALSE
	EndGlobalSection
EndGlobal
